// !$*UTF8*$!
{
	archiveVersion = 1;
	classes = {
	};
	objectVersion = 55;
	objects = {

/* Begin PBXBuildFile section */
		27B3EC4827316E4E00021DE1 /* ImageUtilsViewModel.swift in Sources */ = {isa = PBXBuildFile; fileRef = 27B3EC4727316E4E00021DE1 /* ImageUtilsViewModel.swift */; };
		27B3EC4A27316E7D00021DE1 /* ARObjectViewModel.swift in Sources */ = {isa = PBXBuildFile; fileRef = 27B3EC4927316E7D00021DE1 /* ARObjectViewModel.swift */; };
		27B3EC4C27316E9700021DE1 /* USDZModel.swift in Sources */ = {isa = PBXBuildFile; fileRef = 27B3EC4B27316E9700021DE1 /* USDZModel.swift */; };
		27B3EC5827325E0900021DE1 /* USDZLibraryViewModel.swift in Sources */ = {isa = PBXBuildFile; fileRef = 27B3EC5727325E0900021DE1 /* USDZLibraryViewModel.swift */; };
		27B3EC5A27325F7500021DE1 /* ARObjectLibraryViewModel.swift in Sources */ = {isa = PBXBuildFile; fileRef = 27B3EC5927325F7500021DE1 /* ARObjectLibraryViewModel.swift */; };
		5A3E1A5A2731080700B170B2 /* UserCircleView.swift in Sources */ = {isa = PBXBuildFile; fileRef = 5A3E1A592731080700B170B2 /* UserCircleView.swift */; };
		5A3E1A5E2731097E00B170B2 /* UserLoggedinView.swift in Sources */ = {isa = PBXBuildFile; fileRef = 5A3E1A5D2731097E00B170B2 /* UserLoggedinView.swift */; };
		5A3E1A602731098A00B170B2 /* SignInWithEmailAndPasswordView.swift in Sources */ = {isa = PBXBuildFile; fileRef = 5A3E1A5F2731098A00B170B2 /* SignInWithEmailAndPasswordView.swift */; };
		5A3E1A6427310A6800B170B2 /* WhatIsNewView.swift in Sources */ = {isa = PBXBuildFile; fileRef = 5A3E1A6327310A6800B170B2 /* WhatIsNewView.swift */; };
		5A3E1A6727310A9200B170B2 /* Update.swift in Sources */ = {isa = PBXBuildFile; fileRef = 5A3E1A6627310A9200B170B2 /* Update.swift */; };
		5A3E1A6927310B1200B170B2 /* WhatIsNewViewModel.swift in Sources */ = {isa = PBXBuildFile; fileRef = 5A3E1A6827310B1200B170B2 /* WhatIsNewViewModel.swift */; };
		5A42159D27311B9D000C9F5B /* SignUpView.swift in Sources */ = {isa = PBXBuildFile; fileRef = 5A42159C27311B9D000C9F5B /* SignUpView.swift */; };
		5A4215A027312B2D000C9F5B /* TrackableScrollView.swift in Sources */ = {isa = PBXBuildFile; fileRef = 5A42159F27312B2D000C9F5B /* TrackableScrollView.swift */; };
		5A4215A227312BD9000C9F5B /* UserPhotoPickerView.swift in Sources */ = {isa = PBXBuildFile; fileRef = 5A4215A127312BD9000C9F5B /* UserPhotoPickerView.swift */; };
		5A4215A5273149BF000C9F5B /* InfoPlist.strings in Resources */ = {isa = PBXBuildFile; fileRef = 5A4215A7273149BF000C9F5B /* InfoPlist.strings */; };
		5A4215AA27314E83000C9F5B /* CanvasView.swift in Sources */ = {isa = PBXBuildFile; fileRef = 5A4215A927314E83000C9F5B /* CanvasView.swift */; };
		5A4215AC273153FE000C9F5B /* ARWorldView.swift in Sources */ = {isa = PBXBuildFile; fileRef = 5A4215AB273153FE000C9F5B /* ARWorldView.swift */; };
		5A4215B027315E1D000C9F5B /* TopToolView.swift in Sources */ = {isa = PBXBuildFile; fileRef = 5A4215AF27315E1D000C9F5B /* TopToolView.swift */; };
		5A4215B227315EDE000C9F5B /* LeftToolView.swift in Sources */ = {isa = PBXBuildFile; fileRef = 5A4215B127315EDE000C9F5B /* LeftToolView.swift */; };
		5A4215B4273161CC000C9F5B /* ToolView.swift in Sources */ = {isa = PBXBuildFile; fileRef = 5A4215B3273161CC000C9F5B /* ToolView.swift */; };
		5A4215B72731626A000C9F5B /* CustomCoachingView.swift in Sources */ = {isa = PBXBuildFile; fileRef = 5A4215B62731626A000C9F5B /* CustomCoachingView.swift */; };
		5A4215BA27323698000C9F5B /* ModelPickerView.swift in Sources */ = {isa = PBXBuildFile; fileRef = 5A4215B927323698000C9F5B /* ModelPickerView.swift */; };
		5A56E901272BF1FE0062680E /* ACRTApp.swift in Sources */ = {isa = PBXBuildFile; fileRef = 5A56E900272BF1FE0062680E /* ACRTApp.swift */; };
		5A56E903272BF1FE0062680E /* MainView.swift in Sources */ = {isa = PBXBuildFile; fileRef = 5A56E902272BF1FE0062680E /* MainView.swift */; };
		5A56E905272BF1FF0062680E /* Assets.xcassets in Resources */ = {isa = PBXBuildFile; fileRef = 5A56E904272BF1FF0062680E /* Assets.xcassets */; };
		5A56E908272BF1FF0062680E /* Preview Assets.xcassets in Resources */ = {isa = PBXBuildFile; fileRef = 5A56E907272BF1FF0062680E /* Preview Assets.xcassets */; };
		5A56E90F272BF2E40062680E /* README.md in Resources */ = {isa = PBXBuildFile; fileRef = 5A56E90E272BF2E40062680E /* README.md */; };
		5A56E913272BFB3B0062680E /* WelcomePage.swift in Sources */ = {isa = PBXBuildFile; fileRef = 5A56E912272BFB3B0062680E /* WelcomePage.swift */; };
		5A56E915272BFB6C0062680E /* WelcomePageTitleView.swift in Sources */ = {isa = PBXBuildFile; fileRef = 5A56E914272BFB6C0062680E /* WelcomePageTitleView.swift */; };
		5A56E917272BFBAF0062680E /* WelcomePageDetail.swift in Sources */ = {isa = PBXBuildFile; fileRef = 5A56E916272BFBAF0062680E /* WelcomePageDetail.swift */; };
		5A56E91A272BFC5B0062680E /* ColorGradientText.swift in Sources */ = {isa = PBXBuildFile; fileRef = 5A56E919272BFC5B0062680E /* ColorGradientText.swift */; };
		5A56E91D272F9A460062680E /* PrepareView.swift in Sources */ = {isa = PBXBuildFile; fileRef = 5A56E91C272F9A460062680E /* PrepareView.swift */; };
		5A56E924272F9B6A0062680E /* Localizable.strings in Resources */ = {isa = PBXBuildFile; fileRef = 5A56E926272F9B6A0062680E /* Localizable.strings */; };
		5A56E92B272F9C500062680E /* MapViewModel.swift in Sources */ = {isa = PBXBuildFile; fileRef = 5A56E92A272F9C500062680E /* MapViewModel.swift */; };
		5A56E92D272F9CB50062680E /* MapView.swift in Sources */ = {isa = PBXBuildFile; fileRef = 5A56E92C272F9CB50062680E /* MapView.swift */; };
		5A56E92F272F9D080062680E /* PermisionDeniedView.swift in Sources */ = {isa = PBXBuildFile; fileRef = 5A56E92E272F9D080062680E /* PermisionDeniedView.swift */; };
		5A56E932272FC5D10062680E /* EquippedLiDARDevicesView.swift in Sources */ = {isa = PBXBuildFile; fileRef = 5A56E931272FC5D10062680E /* EquippedLiDARDevicesView.swift */; };
		5A56E934272FD0920062680E /* UserViewModel.swift in Sources */ = {isa = PBXBuildFile; fileRef = 5A56E933272FD0920062680E /* UserViewModel.swift */; };
		5A56E936272FD2720062680E /* UserCapabilityView.swift in Sources */ = {isa = PBXBuildFile; fileRef = 5A56E935272FD2720062680E /* UserCapabilityView.swift */; };
		5A56E9382730DDCB0062680E /* WhatMeansExporeView.swift in Sources */ = {isa = PBXBuildFile; fileRef = 5A56E9372730DDCB0062680E /* WhatMeansExporeView.swift */; };
		5A56E93A2730DDD50062680E /* WhatMeansCreateView.swift in Sources */ = {isa = PBXBuildFile; fileRef = 5A56E9392730DDD50062680E /* WhatMeansCreateView.swift */; };
		5A56E93C2730E0740062680E /* ARViewModel.swift in Sources */ = {isa = PBXBuildFile; fileRef = 5A56E93B2730E0740062680E /* ARViewModel.swift */; };
		5A56E93E2730E0DE0062680E /* HttpAuthView.swift in Sources */ = {isa = PBXBuildFile; fileRef = 5A56E93D2730E0DE0062680E /* HttpAuthView.swift */; };
		5A56E9402730E2A60062680E /* IndicatorView.swift in Sources */ = {isa = PBXBuildFile; fileRef = 5A56E93F2730E2A60062680E /* IndicatorView.swift */; };
		5ADF209427329CDD00CF0E4A /* Award.swift in Sources */ = {isa = PBXBuildFile; fileRef = 5ADF209327329CDD00CF0E4A /* Award.swift */; };
		5ADF209627329CEE00CF0E4A /* AwardViewModel.swift in Sources */ = {isa = PBXBuildFile; fileRef = 5ADF209527329CEE00CF0E4A /* AwardViewModel.swift */; };
		5ADF209827329D2D00CF0E4A /* AwardView.swift in Sources */ = {isa = PBXBuildFile; fileRef = 5ADF209727329D2D00CF0E4A /* AwardView.swift */; };
		5ADF209A27329D9A00CF0E4A /* SingleRoundAwardView.swift in Sources */ = {isa = PBXBuildFile; fileRef = 5ADF209927329D9A00CF0E4A /* SingleRoundAwardView.swift */; };
		620275983D2E64CD34D73AA7 /* Pods_ACRT.framework in Frameworks */ = {isa = PBXBuildFile; fileRef = BA7F4D52FA1DC80E61785D25 /* Pods_ACRT.framework */; };
		9F118CE6273908E30054A252 /* SignUpViewModel.swift in Sources */ = {isa = PBXBuildFile; fileRef = 9F118CE5273908E30054A252 /* SignUpViewModel.swift */; };
/* End PBXBuildFile section */

/* Begin PBXFileReference section */
		27B3EC4727316E4E00021DE1 /* ImageUtilsViewModel.swift */ = {isa = PBXFileReference; lastKnownFileType = sourcecode.swift; path = ImageUtilsViewModel.swift; sourceTree = "<group>"; };
		27B3EC4927316E7D00021DE1 /* ARObjectViewModel.swift */ = {isa = PBXFileReference; lastKnownFileType = sourcecode.swift; path = ARObjectViewModel.swift; sourceTree = "<group>"; };
		27B3EC4B27316E9700021DE1 /* USDZModel.swift */ = {isa = PBXFileReference; lastKnownFileType = sourcecode.swift; path = USDZModel.swift; sourceTree = "<group>"; };
		27B3EC4D27316F4000021DE1 /* Info.plist */ = {isa = PBXFileReference; lastKnownFileType = text.plist; path = Info.plist; sourceTree = "<group>"; };
		27B3EC5727325E0900021DE1 /* USDZLibraryViewModel.swift */ = {isa = PBXFileReference; lastKnownFileType = sourcecode.swift; path = USDZLibraryViewModel.swift; sourceTree = "<group>"; };
		27B3EC5927325F7500021DE1 /* ARObjectLibraryViewModel.swift */ = {isa = PBXFileReference; lastKnownFileType = sourcecode.swift; path = ARObjectLibraryViewModel.swift; sourceTree = "<group>"; };
		5A3E1A592731080700B170B2 /* UserCircleView.swift */ = {isa = PBXFileReference; lastKnownFileType = sourcecode.swift; path = UserCircleView.swift; sourceTree = "<group>"; };
		5A3E1A5D2731097E00B170B2 /* UserLoggedinView.swift */ = {isa = PBXFileReference; lastKnownFileType = sourcecode.swift; path = UserLoggedinView.swift; sourceTree = "<group>"; };
		5A3E1A5F2731098A00B170B2 /* SignInWithEmailAndPasswordView.swift */ = {isa = PBXFileReference; lastKnownFileType = sourcecode.swift; path = SignInWithEmailAndPasswordView.swift; sourceTree = "<group>"; };
		5A3E1A6327310A6800B170B2 /* WhatIsNewView.swift */ = {isa = PBXFileReference; lastKnownFileType = sourcecode.swift; path = WhatIsNewView.swift; sourceTree = "<group>"; };
		5A3E1A6627310A9200B170B2 /* Update.swift */ = {isa = PBXFileReference; lastKnownFileType = sourcecode.swift; path = Update.swift; sourceTree = "<group>"; };
		5A3E1A6827310B1200B170B2 /* WhatIsNewViewModel.swift */ = {isa = PBXFileReference; lastKnownFileType = sourcecode.swift; path = WhatIsNewViewModel.swift; sourceTree = "<group>"; };
		5A42159C27311B9D000C9F5B /* SignUpView.swift */ = {isa = PBXFileReference; lastKnownFileType = sourcecode.swift; path = SignUpView.swift; sourceTree = "<group>"; };
		5A42159F27312B2D000C9F5B /* TrackableScrollView.swift */ = {isa = PBXFileReference; lastKnownFileType = sourcecode.swift; path = TrackableScrollView.swift; sourceTree = "<group>"; };
		5A4215A127312BD9000C9F5B /* UserPhotoPickerView.swift */ = {isa = PBXFileReference; lastKnownFileType = sourcecode.swift; path = UserPhotoPickerView.swift; sourceTree = "<group>"; };
		5A4215A6273149BF000C9F5B /* zh-Hans */ = {isa = PBXFileReference; lastKnownFileType = text.plist.strings; name = "zh-Hans"; path = "zh-Hans.lproj/InfoPlist.strings"; sourceTree = "<group>"; };
		5A4215A927314E83000C9F5B /* CanvasView.swift */ = {isa = PBXFileReference; lastKnownFileType = sourcecode.swift; path = CanvasView.swift; sourceTree = "<group>"; };
		5A4215AB273153FE000C9F5B /* ARWorldView.swift */ = {isa = PBXFileReference; lastKnownFileType = sourcecode.swift; path = ARWorldView.swift; sourceTree = "<group>"; };
		5A4215AF27315E1D000C9F5B /* TopToolView.swift */ = {isa = PBXFileReference; lastKnownFileType = sourcecode.swift; path = TopToolView.swift; sourceTree = "<group>"; };
		5A4215B127315EDE000C9F5B /* LeftToolView.swift */ = {isa = PBXFileReference; lastKnownFileType = sourcecode.swift; path = LeftToolView.swift; sourceTree = "<group>"; };
		5A4215B3273161CC000C9F5B /* ToolView.swift */ = {isa = PBXFileReference; lastKnownFileType = sourcecode.swift; path = ToolView.swift; sourceTree = "<group>"; };
		5A4215B62731626A000C9F5B /* CustomCoachingView.swift */ = {isa = PBXFileReference; lastKnownFileType = sourcecode.swift; path = CustomCoachingView.swift; sourceTree = "<group>"; };
		5A4215B927323698000C9F5B /* ModelPickerView.swift */ = {isa = PBXFileReference; lastKnownFileType = sourcecode.swift; path = ModelPickerView.swift; sourceTree = "<group>"; };
		5A56E8FD272BF1FE0062680E /* ACRT.app */ = {isa = PBXFileReference; explicitFileType = wrapper.application; includeInIndex = 0; path = ACRT.app; sourceTree = BUILT_PRODUCTS_DIR; };
		5A56E900272BF1FE0062680E /* ACRTApp.swift */ = {isa = PBXFileReference; lastKnownFileType = sourcecode.swift; path = ACRTApp.swift; sourceTree = "<group>"; };
		5A56E902272BF1FE0062680E /* MainView.swift */ = {isa = PBXFileReference; lastKnownFileType = sourcecode.swift; path = MainView.swift; sourceTree = "<group>"; };
		5A56E904272BF1FF0062680E /* Assets.xcassets */ = {isa = PBXFileReference; lastKnownFileType = folder.assetcatalog; path = Assets.xcassets; sourceTree = "<group>"; };
		5A56E907272BF1FF0062680E /* Preview Assets.xcassets */ = {isa = PBXFileReference; lastKnownFileType = folder.assetcatalog; path = "Preview Assets.xcassets"; sourceTree = "<group>"; };
		5A56E90E272BF2E40062680E /* README.md */ = {isa = PBXFileReference; fileEncoding = 4; lastKnownFileType = net.daringfireball.markdown; name = README.md; path = ../README.md; sourceTree = "<group>"; };
		5A56E912272BFB3B0062680E /* WelcomePage.swift */ = {isa = PBXFileReference; lastKnownFileType = sourcecode.swift; path = WelcomePage.swift; sourceTree = "<group>"; };
		5A56E914272BFB6C0062680E /* WelcomePageTitleView.swift */ = {isa = PBXFileReference; lastKnownFileType = sourcecode.swift; path = WelcomePageTitleView.swift; sourceTree = "<group>"; };
		5A56E916272BFBAF0062680E /* WelcomePageDetail.swift */ = {isa = PBXFileReference; lastKnownFileType = sourcecode.swift; path = WelcomePageDetail.swift; sourceTree = "<group>"; };
		5A56E919272BFC5B0062680E /* ColorGradientText.swift */ = {isa = PBXFileReference; lastKnownFileType = sourcecode.swift; path = ColorGradientText.swift; sourceTree = "<group>"; };
		5A56E91C272F9A460062680E /* PrepareView.swift */ = {isa = PBXFileReference; lastKnownFileType = sourcecode.swift; path = PrepareView.swift; sourceTree = "<group>"; };
		5A56E925272F9B6A0062680E /* en */ = {isa = PBXFileReference; lastKnownFileType = text.plist.strings; name = en; path = en.lproj/Localizable.strings; sourceTree = "<group>"; };
		5A56E927272F9B730062680E /* zh-Hans */ = {isa = PBXFileReference; lastKnownFileType = text.plist.strings; name = "zh-Hans"; path = "zh-Hans.lproj/Localizable.strings"; sourceTree = "<group>"; };
		5A56E928272F9B7E0062680E /* ja */ = {isa = PBXFileReference; lastKnownFileType = text.plist.strings; name = ja; path = ja.lproj/Localizable.strings; sourceTree = "<group>"; };
		5A56E92A272F9C500062680E /* MapViewModel.swift */ = {isa = PBXFileReference; lastKnownFileType = sourcecode.swift; path = MapViewModel.swift; sourceTree = "<group>"; };
		5A56E92C272F9CB50062680E /* MapView.swift */ = {isa = PBXFileReference; lastKnownFileType = sourcecode.swift; path = MapView.swift; sourceTree = "<group>"; };
		5A56E92E272F9D080062680E /* PermisionDeniedView.swift */ = {isa = PBXFileReference; lastKnownFileType = sourcecode.swift; path = PermisionDeniedView.swift; sourceTree = "<group>"; };
		5A56E931272FC5D10062680E /* EquippedLiDARDevicesView.swift */ = {isa = PBXFileReference; lastKnownFileType = sourcecode.swift; path = EquippedLiDARDevicesView.swift; sourceTree = "<group>"; };
		5A56E933272FD0920062680E /* UserViewModel.swift */ = {isa = PBXFileReference; lastKnownFileType = sourcecode.swift; path = UserViewModel.swift; sourceTree = "<group>"; };
		5A56E935272FD2720062680E /* UserCapabilityView.swift */ = {isa = PBXFileReference; lastKnownFileType = sourcecode.swift; path = UserCapabilityView.swift; sourceTree = "<group>"; };
		5A56E9372730DDCB0062680E /* WhatMeansExporeView.swift */ = {isa = PBXFileReference; lastKnownFileType = sourcecode.swift; path = WhatMeansExporeView.swift; sourceTree = "<group>"; };
		5A56E9392730DDD50062680E /* WhatMeansCreateView.swift */ = {isa = PBXFileReference; lastKnownFileType = sourcecode.swift; path = WhatMeansCreateView.swift; sourceTree = "<group>"; };
		5A56E93B2730E0740062680E /* ARViewModel.swift */ = {isa = PBXFileReference; lastKnownFileType = sourcecode.swift; path = ARViewModel.swift; sourceTree = "<group>"; };
		5A56E93D2730E0DE0062680E /* HttpAuthView.swift */ = {isa = PBXFileReference; lastKnownFileType = sourcecode.swift; path = HttpAuthView.swift; sourceTree = "<group>"; };
		5A56E93F2730E2A60062680E /* IndicatorView.swift */ = {isa = PBXFileReference; lastKnownFileType = sourcecode.swift; path = IndicatorView.swift; sourceTree = "<group>"; };
		5ADF209327329CDD00CF0E4A /* Award.swift */ = {isa = PBXFileReference; lastKnownFileType = sourcecode.swift; path = Award.swift; sourceTree = "<group>"; };
		5ADF209527329CEE00CF0E4A /* AwardViewModel.swift */ = {isa = PBXFileReference; lastKnownFileType = sourcecode.swift; path = AwardViewModel.swift; sourceTree = "<group>"; };
		5ADF209727329D2D00CF0E4A /* AwardView.swift */ = {isa = PBXFileReference; lastKnownFileType = sourcecode.swift; path = AwardView.swift; sourceTree = "<group>"; };
		5ADF209927329D9A00CF0E4A /* SingleRoundAwardView.swift */ = {isa = PBXFileReference; lastKnownFileType = sourcecode.swift; path = SingleRoundAwardView.swift; sourceTree = "<group>"; };
		9F118CE5273908E30054A252 /* SignUpViewModel.swift */ = {isa = PBXFileReference; lastKnownFileType = sourcecode.swift; path = SignUpViewModel.swift; sourceTree = "<group>"; };
		AA74D5CBEBA4FB1EA301736B /* Pods-ACRT.debug.xcconfig */ = {isa = PBXFileReference; includeInIndex = 1; lastKnownFileType = text.xcconfig; name = "Pods-ACRT.debug.xcconfig"; path = "Target Support Files/Pods-ACRT/Pods-ACRT.debug.xcconfig"; sourceTree = "<group>"; };
		B2EA644E134854EEEBD6DAD6 /* Pods-ACRT.release.xcconfig */ = {isa = PBXFileReference; includeInIndex = 1; lastKnownFileType = text.xcconfig; name = "Pods-ACRT.release.xcconfig"; path = "Target Support Files/Pods-ACRT/Pods-ACRT.release.xcconfig"; sourceTree = "<group>"; };
		BA7F4D52FA1DC80E61785D25 /* Pods_ACRT.framework */ = {isa = PBXFileReference; explicitFileType = wrapper.framework; includeInIndex = 0; path = Pods_ACRT.framework; sourceTree = BUILT_PRODUCTS_DIR; };
/* End PBXFileReference section */

/* Begin PBXFrameworksBuildPhase section */
		5A56E8FA272BF1FE0062680E /* Frameworks */ = {
			isa = PBXFrameworksBuildPhase;
			buildActionMask = 2147483647;
			files = (
				620275983D2E64CD34D73AA7 /* Pods_ACRT.framework in Frameworks */,
			);
			runOnlyForDeploymentPostprocessing = 0;
		};
/* End PBXFrameworksBuildPhase section */

/* Begin PBXGroup section */
		0EC0B72E6A70506B47E96755 /* Frameworks */ = {
			isa = PBXGroup;
			children = (
				BA7F4D52FA1DC80E61785D25 /* Pods_ACRT.framework */,
			);
			name = Frameworks;
			sourceTree = "<group>";
		};
		278BE1FD2733B29A0080EE53 /* ARObjectViewModel */ = {
			isa = PBXGroup;
			children = (
				27B3EC4B27316E9700021DE1 /* USDZModel.swift */,
				27B3EC5727325E0900021DE1 /* USDZLibraryViewModel.swift */,
				27B3EC4927316E7D00021DE1 /* ARObjectViewModel.swift */,
				27B3EC5927325F7500021DE1 /* ARObjectLibraryViewModel.swift */,
			);
			path = ARObjectViewModel;
			sourceTree = "<group>";
		};
		5A3E1A58273107CD00B170B2 /* 3. UserPage */ = {
			isa = PBXGroup;
			children = (
				5A3E1A592731080700B170B2 /* UserCircleView.swift */,
				5A3E1A6127310A4C00B170B2 /* WhatIsNewView */,
				5A3E1A5B2731095D00B170B2 /* UserPanel */,
			);
			path = "3. UserPage";
			sourceTree = "<group>";
		};
		5A3E1A5B2731095D00B170B2 /* UserPanel */ = {
			isa = PBXGroup;
			children = (
				5ADF209227329CAB00CF0E4A /* AwardView */,
				5A42159E27312B0F000C9F5B /* CustomView */,
				5A3E1A5D2731097E00B170B2 /* UserLoggedinView.swift */,
				5A3E1A5F2731098A00B170B2 /* SignInWithEmailAndPasswordView.swift */,
				5A42159C27311B9D000C9F5B /* SignUpView.swift */,
			);
			path = UserPanel;
			sourceTree = "<group>";
		};
		5A3E1A6127310A4C00B170B2 /* WhatIsNewView */ = {
			isa = PBXGroup;
			children = (
				5A3E1A6327310A6800B170B2 /* WhatIsNewView.swift */,
			);
			path = WhatIsNewView;
			sourceTree = "<group>";
		};
		5A3E1A6527310A8900B170B2 /* Model */ = {
			isa = PBXGroup;
			children = (
				5A3E1A6627310A9200B170B2 /* Update.swift */,
				5ADF209327329CDD00CF0E4A /* Award.swift */,
			);
			path = Model;
			sourceTree = "<group>";
		};
		5A42159E27312B0F000C9F5B /* CustomView */ = {
			isa = PBXGroup;
			children = (
				5A42159F27312B2D000C9F5B /* TrackableScrollView.swift */,
				5A4215A127312BD9000C9F5B /* UserPhotoPickerView.swift */,
			);
			path = CustomView;
			sourceTree = "<group>";
		};
		5A4215A827314E68000C9F5B /* 4. ARViewPage */ = {
			isa = PBXGroup;
			children = (
				5A4215B827323687000C9F5B /* ModelPickerView */,
				5A4215B52731625E000C9F5B /* CoachingView */,
				5A4215AE273159CF000C9F5B /* ToolView */,
				5A4215AD273159C6000C9F5B /* ARWorldView */,
				5A4215A927314E83000C9F5B /* CanvasView.swift */,
			);
			path = "4. ARViewPage";
			sourceTree = "<group>";
		};
		5A4215AD273159C6000C9F5B /* ARWorldView */ = {
			isa = PBXGroup;
			children = (
				5A4215AB273153FE000C9F5B /* ARWorldView.swift */,
			);
			path = ARWorldView;
			sourceTree = "<group>";
		};
		5A4215AE273159CF000C9F5B /* ToolView */ = {
			isa = PBXGroup;
			children = (
				5A4215AF27315E1D000C9F5B /* TopToolView.swift */,
				5A4215B127315EDE000C9F5B /* LeftToolView.swift */,
				5A4215B3273161CC000C9F5B /* ToolView.swift */,
			);
			path = ToolView;
			sourceTree = "<group>";
		};
		5A4215B52731625E000C9F5B /* CoachingView */ = {
			isa = PBXGroup;
			children = (
				5A4215B62731626A000C9F5B /* CustomCoachingView.swift */,
			);
			path = CoachingView;
			sourceTree = "<group>";
		};
		5A4215B827323687000C9F5B /* ModelPickerView */ = {
			isa = PBXGroup;
			children = (
				5A4215B927323698000C9F5B /* ModelPickerView.swift */,
			);
			path = ModelPickerView;
			sourceTree = "<group>";
		};
		5A56E8F4272BF1FE0062680E = {
			isa = PBXGroup;
			children = (
				5A56E90E272BF2E40062680E /* README.md */,
				5A56E8FF272BF1FE0062680E /* ACRT */,
				5A56E8FE272BF1FE0062680E /* Products */,
				9907A9A3558B046F6858F6E7 /* Pods */,
				0EC0B72E6A70506B47E96755 /* Frameworks */,
			);
			sourceTree = "<group>";
		};
		5A56E8FE272BF1FE0062680E /* Products */ = {
			isa = PBXGroup;
			children = (
				5A56E8FD272BF1FE0062680E /* ACRT.app */,
			);
			name = Products;
			sourceTree = "<group>";
		};
		5A56E8FF272BF1FE0062680E /* ACRT */ = {
			isa = PBXGroup;
			children = (
				27B3EC4D27316F4000021DE1 /* Info.plist */,
				5A3E1A6527310A8900B170B2 /* Model */,
				5A56E929272F9C360062680E /* ViewModel */,
				5A56E921272F9B410062680E /* LocalizationFiles */,
				5A56E918272BFC4B0062680E /* Extension */,
				5A56E910272BFB190062680E /* View */,
				5A56E900272BF1FE0062680E /* ACRTApp.swift */,
				5A56E902272BF1FE0062680E /* MainView.swift */,
				5A56E904272BF1FF0062680E /* Assets.xcassets */,
				5A56E906272BF1FF0062680E /* Preview Content */,
			);
			path = ACRT;
			sourceTree = "<group>";
		};
		5A56E906272BF1FF0062680E /* Preview Content */ = {
			isa = PBXGroup;
			children = (
				5A56E907272BF1FF0062680E /* Preview Assets.xcassets */,
			);
			path = "Preview Content";
			sourceTree = "<group>";
		};
		5A56E910272BFB190062680E /* View */ = {
			isa = PBXGroup;
			children = (
				5A56E911272BFB260062680E /* 1. WelcomePage */,
				5A56E91B272F9A250062680E /* 2. PreparePage */,
				5A3E1A58273107CD00B170B2 /* 3. UserPage */,
				5A4215A827314E68000C9F5B /* 4. ARViewPage */,
			);
			path = View;
			sourceTree = "<group>";
		};
		5A56E911272BFB260062680E /* 1. WelcomePage */ = {
			isa = PBXGroup;
			children = (
				5A56E912272BFB3B0062680E /* WelcomePage.swift */,
				5A56E914272BFB6C0062680E /* WelcomePageTitleView.swift */,
				5A56E916272BFBAF0062680E /* WelcomePageDetail.swift */,
			);
			path = "1. WelcomePage";
			sourceTree = "<group>";
		};
		5A56E918272BFC4B0062680E /* Extension */ = {
			isa = PBXGroup;
			children = (
				5A56E919272BFC5B0062680E /* ColorGradientText.swift */,
			);
			path = Extension;
			sourceTree = "<group>";
		};
		5A56E91B272F9A250062680E /* 2. PreparePage */ = {
			isa = PBXGroup;
			children = (
				5A56E920272F9A6C0062680E /* RequirementesView */,
				5A56E91C272F9A460062680E /* PrepareView.swift */,
			);
			path = "2. PreparePage";
			sourceTree = "<group>";
		};
		5A56E91E272F9A530062680E /* WhatUserCanDoView */ = {
			isa = PBXGroup;
			children = (
				5A56E935272FD2720062680E /* UserCapabilityView.swift */,
				5A56E9372730DDCB0062680E /* WhatMeansExporeView.swift */,
				5A56E9392730DDD50062680E /* WhatMeansCreateView.swift */,
			);
			path = WhatUserCanDoView;
			sourceTree = "<group>";
		};
		5A56E91F272F9A5F0062680E /* MapView */ = {
			isa = PBXGroup;
			children = (
				5A56E92C272F9CB50062680E /* MapView.swift */,
				5A56E92E272F9D080062680E /* PermisionDeniedView.swift */,
			);
			path = MapView;
			sourceTree = "<group>";
		};
		5A56E920272F9A6C0062680E /* RequirementesView */ = {
			isa = PBXGroup;
			children = (
				5A56E930272FC5BF0062680E /* LiDARDeviceView */,
				5A56E91E272F9A530062680E /* WhatUserCanDoView */,
				5A56E91F272F9A5F0062680E /* MapView */,
				5A56E93F2730E2A60062680E /* IndicatorView.swift */,
			);
			path = RequirementesView;
			sourceTree = "<group>";
		};
		5A56E921272F9B410062680E /* LocalizationFiles */ = {
			isa = PBXGroup;
			children = (
				5A56E926272F9B6A0062680E /* Localizable.strings */,
				5A4215A7273149BF000C9F5B /* InfoPlist.strings */,
			);
			path = LocalizationFiles;
			sourceTree = "<group>";
		};
		5A56E929272F9C360062680E /* ViewModel */ = {
			isa = PBXGroup;
			children = (
				278BE1FD2733B29A0080EE53 /* ARObjectViewModel */,
				5A56E92A272F9C500062680E /* MapViewModel.swift */,
				5A56E933272FD0920062680E /* UserViewModel.swift */,
				5A56E93B2730E0740062680E /* ARViewModel.swift */,
				5A56E93D2730E0DE0062680E /* HttpAuthView.swift */,
				5A3E1A6827310B1200B170B2 /* WhatIsNewViewModel.swift */,
				27B3EC4727316E4E00021DE1 /* ImageUtilsViewModel.swift */,
				5ADF209527329CEE00CF0E4A /* AwardViewModel.swift */,
				9F118CE5273908E30054A252 /* SignUpViewModel.swift */,
			);
			path = ViewModel;
			sourceTree = "<group>";
		};
		5A56E930272FC5BF0062680E /* LiDARDeviceView */ = {
			isa = PBXGroup;
			children = (
				5A56E931272FC5D10062680E /* EquippedLiDARDevicesView.swift */,
			);
			path = LiDARDeviceView;
			sourceTree = "<group>";
		};
		5ADF209227329CAB00CF0E4A /* AwardView */ = {
			isa = PBXGroup;
			children = (
				5ADF209727329D2D00CF0E4A /* AwardView.swift */,
				5ADF209927329D9A00CF0E4A /* SingleRoundAwardView.swift */,
			);
			path = AwardView;
			sourceTree = "<group>";
		};
		9907A9A3558B046F6858F6E7 /* Pods */ = {
			isa = PBXGroup;
			children = (
				AA74D5CBEBA4FB1EA301736B /* Pods-ACRT.debug.xcconfig */,
				B2EA644E134854EEEBD6DAD6 /* Pods-ACRT.release.xcconfig */,
			);
			path = Pods;
			sourceTree = "<group>";
		};
/* End PBXGroup section */

/* Begin PBXNativeTarget section */
		5A56E8FC272BF1FE0062680E /* ACRT */ = {
			isa = PBXNativeTarget;
			buildConfigurationList = 5A56E90B272BF1FF0062680E /* Build configuration list for PBXNativeTarget "ACRT" */;
			buildPhases = (
				C4700286CC0A11AE309F6135 /* [CP] Check Pods Manifest.lock */,
				5A56E8F9272BF1FE0062680E /* Sources */,
				5A56E8FA272BF1FE0062680E /* Frameworks */,
				5A56E8FB272BF1FE0062680E /* Resources */,
				3E1FD2A7ED577C0A00C931D3 /* [CP] Embed Pods Frameworks */,
			);
			buildRules = (
			);
			dependencies = (
			);
			name = ACRT;
			productName = ACRT;
			productReference = 5A56E8FD272BF1FE0062680E /* ACRT.app */;
			productType = "com.apple.product-type.application";
		};
/* End PBXNativeTarget section */

/* Begin PBXProject section */
		5A56E8F5272BF1FE0062680E /* Project object */ = {
			isa = PBXProject;
			attributes = {
				BuildIndependentTargetsInParallel = 1;
				LastSwiftUpdateCheck = 1310;
				LastUpgradeCheck = 1310;
				ORGANIZATIONNAME = "Augmented City Reality Toolkit";
				TargetAttributes = {
					5A56E8FC272BF1FE0062680E = {
						CreatedOnToolsVersion = 13.1;
					};
				};
			};
			buildConfigurationList = 5A56E8F8272BF1FE0062680E /* Build configuration list for PBXProject "ACRT" */;
			compatibilityVersion = "Xcode 13.0";
			developmentRegion = en;
			hasScannedForEncodings = 0;
			knownRegions = (
				en,
				Base,
				"zh-Hans",
				ja,
			);
			mainGroup = 5A56E8F4272BF1FE0062680E;
			productRefGroup = 5A56E8FE272BF1FE0062680E /* Products */;
			projectDirPath = "";
			projectRoot = "";
			targets = (
				5A56E8FC272BF1FE0062680E /* ACRT */,
			);
		};
/* End PBXProject section */

/* Begin PBXResourcesBuildPhase section */
		5A56E8FB272BF1FE0062680E /* Resources */ = {
			isa = PBXResourcesBuildPhase;
			buildActionMask = 2147483647;
			files = (
				5A56E90F272BF2E40062680E /* README.md in Resources */,
				5A56E924272F9B6A0062680E /* Localizable.strings in Resources */,
				5A56E908272BF1FF0062680E /* Preview Assets.xcassets in Resources */,
				5A56E905272BF1FF0062680E /* Assets.xcassets in Resources */,
				5A4215A5273149BF000C9F5B /* InfoPlist.strings in Resources */,
			);
			runOnlyForDeploymentPostprocessing = 0;
		};
/* End PBXResourcesBuildPhase section */

/* Begin PBXShellScriptBuildPhase section */
		3E1FD2A7ED577C0A00C931D3 /* [CP] Embed Pods Frameworks */ = {
			isa = PBXShellScriptBuildPhase;
			buildActionMask = 2147483647;
			files = (
			);
			inputFileListPaths = (
				"${PODS_ROOT}/Target Support Files/Pods-ACRT/Pods-ACRT-frameworks-${CONFIGURATION}-input-files.xcfilelist",
			);
			name = "[CP] Embed Pods Frameworks";
			outputFileListPaths = (
				"${PODS_ROOT}/Target Support Files/Pods-ACRT/Pods-ACRT-frameworks-${CONFIGURATION}-output-files.xcfilelist",
			);
			runOnlyForDeploymentPostprocessing = 0;
			shellPath = /bin/sh;
			shellScript = "\"${PODS_ROOT}/Target Support Files/Pods-ACRT/Pods-ACRT-frameworks.sh\"\n";
			showEnvVarsInLog = 0;
		};
		C4700286CC0A11AE309F6135 /* [CP] Check Pods Manifest.lock */ = {
			isa = PBXShellScriptBuildPhase;
			buildActionMask = 2147483647;
			files = (
			);
			inputFileListPaths = (
			);
			inputPaths = (
				"${PODS_PODFILE_DIR_PATH}/Podfile.lock",
				"${PODS_ROOT}/Manifest.lock",
			);
			name = "[CP] Check Pods Manifest.lock";
			outputFileListPaths = (
			);
			outputPaths = (
				"$(DERIVED_FILE_DIR)/Pods-ACRT-checkManifestLockResult.txt",
			);
			runOnlyForDeploymentPostprocessing = 0;
			shellPath = /bin/sh;
			shellScript = "diff \"${PODS_PODFILE_DIR_PATH}/Podfile.lock\" \"${PODS_ROOT}/Manifest.lock\" > /dev/null\nif [ $? != 0 ] ; then\n    # print error to STDERR\n    echo \"error: The sandbox is not in sync with the Podfile.lock. Run 'pod install' or update your CocoaPods installation.\" >&2\n    exit 1\nfi\n# This output is used by Xcode 'outputs' to avoid re-running this script phase.\necho \"SUCCESS\" > \"${SCRIPT_OUTPUT_FILE_0}\"\n";
			showEnvVarsInLog = 0;
		};
/* End PBXShellScriptBuildPhase section */

/* Begin PBXSourcesBuildPhase section */
		5A56E8F9272BF1FE0062680E /* Sources */ = {
			isa = PBXSourcesBuildPhase;
			buildActionMask = 2147483647;
			files = (
				5A56E913272BFB3B0062680E /* WelcomePage.swift in Sources */,
				5A4215BA27323698000C9F5B /* ModelPickerView.swift in Sources */,
				5A56E934272FD0920062680E /* UserViewModel.swift in Sources */,
				5A4215B4273161CC000C9F5B /* ToolView.swift in Sources */,
				5ADF209827329D2D00CF0E4A /* AwardView.swift in Sources */,
				27B3EC5827325E0900021DE1 /* USDZLibraryViewModel.swift in Sources */,
				5A56E932272FC5D10062680E /* EquippedLiDARDevicesView.swift in Sources */,
				5A56E903272BF1FE0062680E /* MainView.swift in Sources */,
				5A3E1A5E2731097E00B170B2 /* UserLoggedinView.swift in Sources */,
				5A3E1A602731098A00B170B2 /* SignInWithEmailAndPasswordView.swift in Sources */,
				5ADF209A27329D9A00CF0E4A /* SingleRoundAwardView.swift in Sources */,
				5A4215B027315E1D000C9F5B /* TopToolView.swift in Sources */,
				5A56E9402730E2A60062680E /* IndicatorView.swift in Sources */,
				5A56E9382730DDCB0062680E /* WhatMeansExporeView.swift in Sources */,
				5ADF209627329CEE00CF0E4A /* AwardViewModel.swift in Sources */,
				5A3E1A6727310A9200B170B2 /* Update.swift in Sources */,
				5A3E1A6927310B1200B170B2 /* WhatIsNewViewModel.swift in Sources */,
				27B3EC4827316E4E00021DE1 /* ImageUtilsViewModel.swift in Sources */,
				27B3EC5A27325F7500021DE1 /* ARObjectLibraryViewModel.swift in Sources */,
				5A4215B227315EDE000C9F5B /* LeftToolView.swift in Sources */,
				5A4215AC273153FE000C9F5B /* ARWorldView.swift in Sources */,
				5A56E92F272F9D080062680E /* PermisionDeniedView.swift in Sources */,
				5A56E91A272BFC5B0062680E /* ColorGradientText.swift in Sources */,
				5A56E93A2730DDD50062680E /* WhatMeansCreateView.swift in Sources */,
				5A56E901272BF1FE0062680E /* ACRTApp.swift in Sources */,
				5A56E917272BFBAF0062680E /* WelcomePageDetail.swift in Sources */,
				5A56E91D272F9A460062680E /* PrepareView.swift in Sources */,
				5A42159D27311B9D000C9F5B /* SignUpView.swift in Sources */,
				5A56E93C2730E0740062680E /* ARViewModel.swift in Sources */,
				5A56E915272BFB6C0062680E /* WelcomePageTitleView.swift in Sources */,
				5A3E1A5A2731080700B170B2 /* UserCircleView.swift in Sources */,
				5A3E1A6427310A6800B170B2 /* WhatIsNewView.swift in Sources */,
				27B3EC4C27316E9700021DE1 /* USDZModel.swift in Sources */,
				27B3EC4A27316E7D00021DE1 /* ARObjectViewModel.swift in Sources */,
				5A4215B72731626A000C9F5B /* CustomCoachingView.swift in Sources */,
				5A4215A227312BD9000C9F5B /* UserPhotoPickerView.swift in Sources */,
				5A4215AA27314E83000C9F5B /* CanvasView.swift in Sources */,
				5A56E92D272F9CB50062680E /* MapView.swift in Sources */,
				5A56E92B272F9C500062680E /* MapViewModel.swift in Sources */,
				5A56E936272FD2720062680E /* UserCapabilityView.swift in Sources */,
				5A56E93E2730E0DE0062680E /* HttpAuthView.swift in Sources */,
				5A4215A027312B2D000C9F5B /* TrackableScrollView.swift in Sources */,
				9F118CE6273908E30054A252 /* SignUpViewModel.swift in Sources */,
				5ADF209427329CDD00CF0E4A /* Award.swift in Sources */,
			);
			runOnlyForDeploymentPostprocessing = 0;
		};
/* End PBXSourcesBuildPhase section */

/* Begin PBXVariantGroup section */
		5A4215A7273149BF000C9F5B /* InfoPlist.strings */ = {
			isa = PBXVariantGroup;
			children = (
				5A4215A6273149BF000C9F5B /* zh-Hans */,
			);
			name = InfoPlist.strings;
			sourceTree = "<group>";
		};
		5A56E926272F9B6A0062680E /* Localizable.strings */ = {
			isa = PBXVariantGroup;
			children = (
				5A56E925272F9B6A0062680E /* en */,
				5A56E927272F9B730062680E /* zh-Hans */,
				5A56E928272F9B7E0062680E /* ja */,
			);
			name = Localizable.strings;
			sourceTree = "<group>";
		};
/* End PBXVariantGroup section */

/* Begin XCBuildConfiguration section */
		5A56E909272BF1FF0062680E /* Debug */ = {
			isa = XCBuildConfiguration;
			buildSettings = {
				ALWAYS_SEARCH_USER_PATHS = NO;
				CLANG_ANALYZER_LOCALIZABILITY_NONLOCALIZED = YES;
				CLANG_ANALYZER_NONNULL = YES;
				CLANG_ANALYZER_NUMBER_OBJECT_CONVERSION = YES_AGGRESSIVE;
				CLANG_CXX_LANGUAGE_STANDARD = "gnu++17";
				CLANG_CXX_LIBRARY = "libc++";
				CLANG_ENABLE_MODULES = YES;
				CLANG_ENABLE_OBJC_ARC = YES;
				CLANG_ENABLE_OBJC_WEAK = YES;
				CLANG_WARN_BLOCK_CAPTURE_AUTORELEASING = YES;
				CLANG_WARN_BOOL_CONVERSION = YES;
				CLANG_WARN_COMMA = YES;
				CLANG_WARN_CONSTANT_CONVERSION = YES;
				CLANG_WARN_DEPRECATED_OBJC_IMPLEMENTATIONS = YES;
				CLANG_WARN_DIRECT_OBJC_ISA_USAGE = YES_ERROR;
				CLANG_WARN_DOCUMENTATION_COMMENTS = YES;
				CLANG_WARN_EMPTY_BODY = YES;
				CLANG_WARN_ENUM_CONVERSION = YES;
				CLANG_WARN_INFINITE_RECURSION = YES;
				CLANG_WARN_INT_CONVERSION = YES;
				CLANG_WARN_NON_LITERAL_NULL_CONVERSION = YES;
				CLANG_WARN_OBJC_IMPLICIT_RETAIN_SELF = YES;
				CLANG_WARN_OBJC_LITERAL_CONVERSION = YES;
				CLANG_WARN_OBJC_ROOT_CLASS = YES_ERROR;
				CLANG_WARN_QUOTED_INCLUDE_IN_FRAMEWORK_HEADER = YES;
				CLANG_WARN_RANGE_LOOP_ANALYSIS = YES;
				CLANG_WARN_STRICT_PROTOTYPES = YES;
				CLANG_WARN_SUSPICIOUS_MOVE = YES;
				CLANG_WARN_UNGUARDED_AVAILABILITY = YES_AGGRESSIVE;
				CLANG_WARN_UNREACHABLE_CODE = YES;
				CLANG_WARN__DUPLICATE_METHOD_MATCH = YES;
				COPY_PHASE_STRIP = NO;
				DEBUG_INFORMATION_FORMAT = dwarf;
				ENABLE_STRICT_OBJC_MSGSEND = YES;
				ENABLE_TESTABILITY = YES;
				GCC_C_LANGUAGE_STANDARD = gnu11;
				GCC_DYNAMIC_NO_PIC = NO;
				GCC_NO_COMMON_BLOCKS = YES;
				GCC_OPTIMIZATION_LEVEL = 0;
				GCC_PREPROCESSOR_DEFINITIONS = (
					"DEBUG=1",
					"$(inherited)",
				);
				GCC_WARN_64_TO_32_BIT_CONVERSION = YES;
				GCC_WARN_ABOUT_RETURN_TYPE = YES_ERROR;
				GCC_WARN_UNDECLARED_SELECTOR = YES;
				GCC_WARN_UNINITIALIZED_AUTOS = YES_AGGRESSIVE;
				GCC_WARN_UNUSED_FUNCTION = YES;
				GCC_WARN_UNUSED_VARIABLE = YES;
				IPHONEOS_DEPLOYMENT_TARGET = 15.0;
				MTL_ENABLE_DEBUG_INFO = INCLUDE_SOURCE;
				MTL_FAST_MATH = YES;
				ONLY_ACTIVE_ARCH = YES;
				SDKROOT = iphoneos;
				SWIFT_ACTIVE_COMPILATION_CONDITIONS = DEBUG;
				SWIFT_OPTIMIZATION_LEVEL = "-Onone";
			};
			name = Debug;
		};
		5A56E90A272BF1FF0062680E /* Release */ = {
			isa = XCBuildConfiguration;
			buildSettings = {
				ALWAYS_SEARCH_USER_PATHS = NO;
				CLANG_ANALYZER_LOCALIZABILITY_NONLOCALIZED = YES;
				CLANG_ANALYZER_NONNULL = YES;
				CLANG_ANALYZER_NUMBER_OBJECT_CONVERSION = YES_AGGRESSIVE;
				CLANG_CXX_LANGUAGE_STANDARD = "gnu++17";
				CLANG_CXX_LIBRARY = "libc++";
				CLANG_ENABLE_MODULES = YES;
				CLANG_ENABLE_OBJC_ARC = YES;
				CLANG_ENABLE_OBJC_WEAK = YES;
				CLANG_WARN_BLOCK_CAPTURE_AUTORELEASING = YES;
				CLANG_WARN_BOOL_CONVERSION = YES;
				CLANG_WARN_COMMA = YES;
				CLANG_WARN_CONSTANT_CONVERSION = YES;
				CLANG_WARN_DEPRECATED_OBJC_IMPLEMENTATIONS = YES;
				CLANG_WARN_DIRECT_OBJC_ISA_USAGE = YES_ERROR;
				CLANG_WARN_DOCUMENTATION_COMMENTS = YES;
				CLANG_WARN_EMPTY_BODY = YES;
				CLANG_WARN_ENUM_CONVERSION = YES;
				CLANG_WARN_INFINITE_RECURSION = YES;
				CLANG_WARN_INT_CONVERSION = YES;
				CLANG_WARN_NON_LITERAL_NULL_CONVERSION = YES;
				CLANG_WARN_OBJC_IMPLICIT_RETAIN_SELF = YES;
				CLANG_WARN_OBJC_LITERAL_CONVERSION = YES;
				CLANG_WARN_OBJC_ROOT_CLASS = YES_ERROR;
				CLANG_WARN_QUOTED_INCLUDE_IN_FRAMEWORK_HEADER = YES;
				CLANG_WARN_RANGE_LOOP_ANALYSIS = YES;
				CLANG_WARN_STRICT_PROTOTYPES = YES;
				CLANG_WARN_SUSPICIOUS_MOVE = YES;
				CLANG_WARN_UNGUARDED_AVAILABILITY = YES_AGGRESSIVE;
				CLANG_WARN_UNREACHABLE_CODE = YES;
				CLANG_WARN__DUPLICATE_METHOD_MATCH = YES;
				COPY_PHASE_STRIP = NO;
				DEBUG_INFORMATION_FORMAT = "dwarf-with-dsym";
				ENABLE_NS_ASSERTIONS = NO;
				ENABLE_STRICT_OBJC_MSGSEND = YES;
				GCC_C_LANGUAGE_STANDARD = gnu11;
				GCC_NO_COMMON_BLOCKS = YES;
				GCC_WARN_64_TO_32_BIT_CONVERSION = YES;
				GCC_WARN_ABOUT_RETURN_TYPE = YES_ERROR;
				GCC_WARN_UNDECLARED_SELECTOR = YES;
				GCC_WARN_UNINITIALIZED_AUTOS = YES_AGGRESSIVE;
				GCC_WARN_UNUSED_FUNCTION = YES;
				GCC_WARN_UNUSED_VARIABLE = YES;
				IPHONEOS_DEPLOYMENT_TARGET = 15.0;
				MTL_ENABLE_DEBUG_INFO = NO;
				MTL_FAST_MATH = YES;
				SDKROOT = iphoneos;
				SWIFT_COMPILATION_MODE = wholemodule;
				SWIFT_OPTIMIZATION_LEVEL = "-O";
				VALIDATE_PRODUCT = YES;
			};
			name = Release;
		};
		5A56E90C272BF1FF0062680E /* Debug */ = {
			isa = XCBuildConfiguration;
			baseConfigurationReference = AA74D5CBEBA4FB1EA301736B /* Pods-ACRT.debug.xcconfig */;
			buildSettings = {
				ASSETCATALOG_COMPILER_APPICON_NAME = AppIcon;
				ASSETCATALOG_COMPILER_GLOBAL_ACCENT_COLOR_NAME = AccentColor;
				CODE_SIGN_STYLE = Automatic;
				CURRENT_PROJECT_VERSION = 1;
				DEVELOPMENT_ASSET_PATHS = "\"ACRT/Preview Content\"";
				DEVELOPMENT_TEAM = JCR4BH3C45;
				ENABLE_PREVIEWS = YES;
				GENERATE_INFOPLIST_FILE = YES;
				INFOPLIST_FILE = ACRT/Info.plist;
				INFOPLIST_KEY_NSCameraUsageDescription = "Camera is essential to set up the AR City View.";
				INFOPLIST_KEY_NSLocationAlwaysAndWhenInUseUsageDescription = "Enable location services to obtain location information and use it to speed up the initial location process.";
				INFOPLIST_KEY_NSPhotoLibraryAddUsageDescription = "Save the magical world into your album.";
				INFOPLIST_KEY_UIApplicationSceneManifest_Generation = YES;
				INFOPLIST_KEY_UIApplicationSupportsIndirectInputEvents = YES;
				INFOPLIST_KEY_UILaunchScreen_Generation = YES;
				INFOPLIST_KEY_UISupportedInterfaceOrientations_iPad = "UIInterfaceOrientationPortrait UIInterfaceOrientationPortraitUpsideDown UIInterfaceOrientationLandscapeLeft UIInterfaceOrientationLandscapeRight";
				INFOPLIST_KEY_UISupportedInterfaceOrientations_iPhone = "UIInterfaceOrientationPortrait UIInterfaceOrientationLandscapeLeft UIInterfaceOrientationLandscapeRight";
				LD_RUNPATH_SEARCH_PATHS = (
					"$(inherited)",
					"@executable_path/Frameworks",
				);
				MARKETING_VERSION = 1.0;
				PRODUCT_BUNDLE_IDENTIFIER = cn.edu.zju.12021074.apple.ACRT;
				PRODUCT_NAME = "$(TARGET_NAME)";
				SWIFT_EMIT_LOC_STRINGS = YES;
				SWIFT_VERSION = 5.0;
				TARGETED_DEVICE_FAMILY = "1,2";
			};
			name = Debug;
		};
		5A56E90D272BF1FF0062680E /* Release */ = {
			isa = XCBuildConfiguration;
			baseConfigurationReference = B2EA644E134854EEEBD6DAD6 /* Pods-ACRT.release.xcconfig */;
			buildSettings = {
				ASSETCATALOG_COMPILER_APPICON_NAME = AppIcon;
				ASSETCATALOG_COMPILER_GLOBAL_ACCENT_COLOR_NAME = AccentColor;
				CODE_SIGN_STYLE = Automatic;
				CURRENT_PROJECT_VERSION = 1;
				DEVELOPMENT_ASSET_PATHS = "\"ACRT/Preview Content\"";
				DEVELOPMENT_TEAM = JCR4BH3C45;
				ENABLE_PREVIEWS = YES;
				GENERATE_INFOPLIST_FILE = YES;
				INFOPLIST_FILE = ACRT/Info.plist;
				INFOPLIST_KEY_NSCameraUsageDescription = "Camera is essential to set up the AR City View.";
				INFOPLIST_KEY_NSLocationAlwaysAndWhenInUseUsageDescription = "Enable location services to obtain location information and use it to speed up the initial location process.";
				INFOPLIST_KEY_NSPhotoLibraryAddUsageDescription = "Save the magical world into your album.";
				INFOPLIST_KEY_UIApplicationSceneManifest_Generation = YES;
				INFOPLIST_KEY_UIApplicationSupportsIndirectInputEvents = YES;
				INFOPLIST_KEY_UILaunchScreen_Generation = YES;
				INFOPLIST_KEY_UISupportedInterfaceOrientations_iPad = "UIInterfaceOrientationPortrait UIInterfaceOrientationPortraitUpsideDown UIInterfaceOrientationLandscapeLeft UIInterfaceOrientationLandscapeRight";
				INFOPLIST_KEY_UISupportedInterfaceOrientations_iPhone = "UIInterfaceOrientationPortrait UIInterfaceOrientationLandscapeLeft UIInterfaceOrientationLandscapeRight";
				LD_RUNPATH_SEARCH_PATHS = (
					"$(inherited)",
					"@executable_path/Frameworks",
				);
				MARKETING_VERSION = 1.0;
				PRODUCT_BUNDLE_IDENTIFIER = cn.edu.zju.12021074.apple.ACRT;
				PRODUCT_NAME = "$(TARGET_NAME)";
				SWIFT_EMIT_LOC_STRINGS = YES;
				SWIFT_VERSION = 5.0;
				TARGETED_DEVICE_FAMILY = "1,2";
			};
			name = Release;
		};
/* End XCBuildConfiguration section */

/* Begin XCConfigurationList section */
		5A56E8F8272BF1FE0062680E /* Build configuration list for PBXProject "ACRT" */ = {
			isa = XCConfigurationList;
			buildConfigurations = (
				5A56E909272BF1FF0062680E /* Debug */,
				5A56E90A272BF1FF0062680E /* Release */,
			);
			defaultConfigurationIsVisible = 0;
			defaultConfigurationName = Release;
		};
		5A56E90B272BF1FF0062680E /* Build configuration list for PBXNativeTarget "ACRT" */ = {
			isa = XCConfigurationList;
			buildConfigurations = (
				5A56E90C272BF1FF0062680E /* Debug */,
				5A56E90D272BF1FF0062680E /* Release */,
			);
			defaultConfigurationIsVisible = 0;
			defaultConfigurationName = Release;
		};
/* End XCConfigurationList section */
	};
	rootObject = 5A56E8F5272BF1FE0062680E /* Project object */;
}
